
Microsoft Visual Studio Solution File, Format Version 12.00
# Visual Studio Version 17
VisualStudioVersion = 17.5.001.0
MinimumVisualStudioVersion = 10.0.40219.1
Project("{9A19103F-16F7-4668-BE54-9A1E7A4F7556}") = "C#", "C#.csproj", "{45B488CD-F212-4980-AFB8-2B4B156AB839}"
EndProject
Global
	GlobalSection(SolutionConfigurationPlatforms) = preSolution
		Debug|Any CPU = Debug|Any CPU
		Release|Any CPU = Release|Any CPU
	EndGlobalSection
	GlobalSection(ProjectConfigurationPlatforms) = postSolution
		{45B488CD-F212-4980-AFB8-2B4B156AB839}.Debug|Any CPU.ActiveCfg = Debug|Any CPU
		{45B488CD-F212-4980-AFB8-2B4B156AB839}.Debug|Any CPU.Build.0 = Debug|Any CPU
		{45B488CD-F212-4980-AFB8-2B4B156AB839}.Release|Any CPU.ActiveCfg = Release|Any CPU
		{45B488CD-F212-4980-AFB8-2B4B156AB839}.Release|Any CPU.Build.0 = Release|Any CPU
	EndGlobalSection
	GlobalSection(SolutionProperties) = preSolution
		HideSolutionNode = FALSE
	EndGlobalSection
	GlobalSection(ExtensibilityGlobals) = postSolution
		SolutionGuid = {1418C402-C227-4EBC-8309-E34A85D3C337}
	EndGlobalSection
EndGlobal
