
Microsoft Visual Studio Solution File, Format Version 12.00
# Visual Studio Version 17
VisualStudioVersion = 17.5.001.0
MinimumVisualStudioVersion = 10.0.40219.1
Project("{9A19103F-16F7-4668-BE54-9A1E7A4F7556}") = "HomeWork7", "HomeWork7.csproj", "{034F60CC-2912-443A-839A-0869397E641E}"
EndProject
Global
	GlobalSection(SolutionConfigurationPlatforms) = preSolution
		Debug|Any CPU = Debug|Any CPU
		Release|Any CPU = Release|Any CPU
	EndGlobalSection
	GlobalSection(ProjectConfigurationPlatforms) = postSolution
		{034F60CC-2912-443A-839A-0869397E641E}.Debug|Any CPU.ActiveCfg = Debug|Any CPU
		{034F60CC-2912-443A-839A-0869397E641E}.Debug|Any CPU.Build.0 = Debug|Any CPU
		{034F60CC-2912-443A-839A-0869397E641E}.Release|Any CPU.ActiveCfg = Release|Any CPU
		{034F60CC-2912-443A-839A-0869397E641E}.Release|Any CPU.Build.0 = Release|Any CPU
	EndGlobalSection
	GlobalSection(SolutionProperties) = preSolution
		HideSolutionNode = FALSE
	EndGlobalSection
	GlobalSection(ExtensibilityGlobals) = postSolution
		SolutionGuid = {042E0EA9-BB24-4A0B-8C3C-DF69A805B7EF}
	EndGlobalSection
EndGlobal
